{
  "name": "website",
  "version": "0.0.1",
  "lockfileVersion": 3,
  "requires": true,
  "packages": {
    "": {
      "name": "website",
      "version": "0.0.1",
      "dependencies": {
        "@astrojs/cloudflare": "^12.6.0",
        "astro": "^5.11.0",
        "mermaid": "^11.8.0",
        "resend": "^4.6.0"
      },
      "devDependencies": {
        "@astrojs/tailwind": "^6.0.2",
        "tailwindcss": "^3.4.17"
      }
    },
    "../node_modules/.pnpm/@astrojs+cloudflare@12.6.0_astro@5.11.0/node_modules/@astrojs/cloudflare": {
      "version": "12.6.0",
      "license": "MIT",
      "dependencies": {
        "@astrojs/internal-helpers": "0.6.1",
        "@astrojs/underscore-redirects": "1.0.0",
        "@cloudflare/workers-types": "^4.20250507.0",
        "tinyglobby": "^0.2.13",
        "vite": "^6.3.5",
        "wrangler": "^4.14.1"
      },
      "devDependencies": {
        "astro": "5.10.0",
        "astro-scripts": "0.0.14",
        "cheerio": "1.0.0",
        "devalue": "^5.1.1",
        "execa": "^8.0.1",
        "rollup": "^4.40.2"
      },
      "peerDependencies": {
        "astro": "^5.0.0"
      }
    },
    "../node_modules/.pnpm/@astrojs+tailwind@6.0.2_astro@5.11.0_tailwindcss@3.4.17/node_modules/@astrojs/tailwind": {
      "version": "6.0.2",
      "dev": true,
      "license": "MIT",
      "dependencies": {
        "autoprefixer": "^10.4.21",
        "postcss": "^8.5.3",
        "postcss-load-config": "^4.0.2"
      },
      "devDependencies": {
        "astro": "5.5.5",
        "astro-scripts": "0.0.14",
        "tailwindcss": "^3.4.17",
        "vite": "^6.2.3"
      },
      "peerDependencies": {
        "astro": "^3.0.0 || ^4.0.0 || ^5.0.0",
        "tailwindcss": "^3.0.24"
      }
    },
    "../node_modules/.pnpm/astro@5.11.0_typescript@5.8.3/node_modules/astro": {
      "version": "5.11.0",
      "license": "MIT",
      "dependencies": {
        "@astrojs/compiler": "^2.12.2",
        "@astrojs/internal-helpers": "0.6.1",
        "@astrojs/markdown-remark": "6.3.2",
        "@astrojs/telemetry": "3.3.0",
        "@capsizecss/unpack": "^2.4.0",
        "@oslojs/encoding": "^1.1.0",
        "@rollup/pluginutils": "^5.1.4",
        "acorn": "^8.14.1",
        "aria-query": "^5.3.2",
        "axobject-query": "^4.1.0",
        "boxen": "8.0.1",
        "ci-info": "^4.2.0",
        "clsx": "^2.1.1",
        "common-ancestor-path": "^1.0.1",
        "cookie": "^1.0.2",
        "cssesc": "^3.0.0",
        "debug": "^4.4.0",
        "deterministic-object-hash": "^2.0.2",
        "devalue": "^5.1.1",
        "diff": "^5.2.0",
        "dlv": "^1.1.3",
        "dset": "^3.1.4",
        "es-module-lexer": "^1.6.0",
        "esbuild": "^0.25.0",
        "estree-walker": "^3.0.3",
        "flattie": "^1.1.1",
        "fontace": "~0.3.0",
        "github-slugger": "^2.0.0",
        "html-escaper": "3.0.3",
        "http-cache-semantics": "^4.1.1",
        "import-meta-resolve": "^4.1.0",
        "js-yaml": "^4.1.0",
        "kleur": "^4.1.5",
        "magic-string": "^0.30.17",
        "magicast": "^0.3.5",
        "mrmime": "^2.0.1",
        "neotraverse": "^0.6.18",
        "p-limit": "^6.2.0",
        "p-queue": "^8.1.0",
        "package-manager-detector": "^1.1.0",
        "picomatch": "^4.0.2",
        "prompts": "^2.4.2",
        "rehype": "^13.0.2",
        "semver": "^7.7.1",
        "shiki": "^3.2.1",
        "tinyexec": "^0.3.2",
        "tinyglobby": "^0.2.12",
        "tsconfck": "^3.1.5",
        "ultrahtml": "^1.6.0",
        "unifont": "~0.5.0",
        "unist-util-visit": "^5.0.0",
        "unstorage": "^1.15.0",
        "vfile": "^6.0.3",
        "vite": "^6.3.4",
        "vitefu": "^1.0.6",
        "xxhash-wasm": "^1.1.0",
        "yargs-parser": "^21.1.1",
        "yocto-spinner": "^0.2.1",
        "zod": "^3.24.2",
        "zod-to-json-schema": "^3.24.5",
        "zod-to-ts": "^1.2.0"
      },
      "bin": {
        "astro": "astro.js"
      },
      "devDependencies": {
        "@astrojs/check": "^0.9.4",
        "@playwright/test": "^1.51.1",
        "@types/aria-query": "^5.0.4",
        "@types/common-ancestor-path": "^1.0.2",
        "@types/cssesc": "^3.0.2",
        "@types/debug": "^4.1.12",
        "@types/diff": "^5.2.3",
        "@types/dlv": "^1.1.5",
        "@types/hast": "^3.0.4",
        "@types/html-escaper": "3.0.4",
        "@types/http-cache-semantics": "^4.0.4",
        "@types/js-yaml": "^4.0.9",
        "@types/picomatch": "^3.0.2",
        "@types/prompts": "^2.4.9",
        "@types/semver": "^7.7.0",
        "@types/yargs-parser": "^21.0.3",
        "astro-scripts": "0.0.14",
        "cheerio": "1.0.0",
        "eol": "^0.10.0",
        "execa": "^8.0.1",
        "expect-type": "^1.2.0",
        "fs-fixture": "^2.7.1",
        "mdast-util-mdx": "^3.0.0",
        "mdast-util-mdx-jsx": "^3.2.0",
        "node-mocks-http": "^1.16.2",
        "parse-srcset": "^1.0.2",
        "rehype-autolink-headings": "^7.1.0",
        "rehype-slug": "^6.0.0",
        "rehype-toc": "^3.0.2",
        "remark-code-titles": "^0.1.2",
        "rollup": "^4.37.0",
        "sass": "^1.86.0",
        "typescript": "^5.8.3",
        "undici": "^7.5.0",
        "unified": "^11.0.5",
        "vitest": "^3.0.9"
      },
      "engines": {
        "node": "18.20.8 || ^20.3.0 || >=22.0.0",
        "npm": ">=9.6.5",
        "pnpm": ">=7.1.0"
      },
      "funding": {
        "type": "opencollective",
        "url": "https://opencollective.com/astrodotbuild"
      },
      "optionalDependencies": {
        "sharp": "^0.33.3"
      }
    },
    "../node_modules/.pnpm/mermaid@11.8.0/node_modules/mermaid": {
      "version": "11.8.0",
      "license": "MIT",
      "dependencies": {
        "@braintree/sanitize-url": "^7.0.4",
        "@iconify/utils": "^2.1.33",
        "@mermaid-js/parser": "^0.6.0",
        "@types/d3": "^7.4.3",
        "cytoscape": "^3.29.3",
        "cytoscape-cose-bilkent": "^4.1.0",
        "cytoscape-fcose": "^2.2.0",
        "d3": "^7.9.0",
        "d3-sankey": "^0.12.3",
        "dagre-d3-es": "7.0.11",
        "dayjs": "^1.11.13",
        "dompurify": "^3.2.5",
        "katex": "^0.16.9",
        "khroma": "^2.1.0",
        "lodash-es": "^4.17.21",
        "marked": "^15.0.7",
        "roughjs": "^4.6.6",
        "stylis": "^4.3.6",
        "ts-dedent": "^2.2.0",
        "uuid": "^11.1.0"
      },
      "devDependencies": {
        "@adobe/jsonschema2md": "^8.0.2",
        "@iconify/types": "^2.0.0",
        "@types/cytoscape": "^3.21.9",
        "@types/cytoscape-fcose": "^2.2.4",
        "@types/d3-sankey": "^0.12.4",
        "@types/d3-scale": "^4.0.9",
        "@types/d3-scale-chromatic": "^3.1.0",
        "@types/d3-selection": "^3.0.11",
        "@types/d3-shape": "^3.1.7",
        "@types/jsdom": "^21.1.7",
        "@types/katex": "^0.16.7",
        "@types/lodash-es": "^4.17.12",
        "@types/micromatch": "^4.0.9",
        "@types/stylis": "^4.2.7",
        "@types/uuid": "^10.0.0",
        "ajv": "^8.17.1",
        "chokidar": "3.6.0",
        "concurrently": "^9.1.2",
        "csstree-validator": "^4.0.1",
        "globby": "^14.0.2",
        "jison": "^0.4.18",
        "js-base64": "^3.7.7",
        "jsdom": "^26.0.0",
        "json-schema-to-typescript": "^15.0.4",
        "micromatch": "^4.0.8",
        "path-browserify": "^1.0.1",
        "prettier": "^3.5.2",
        "remark": "^15.0.1",
        "remark-frontmatter": "^5.0.0",
        "remark-gfm": "^4.0.1",
        "rimraf": "^6.0.1",
        "start-server-and-test": "^2.0.10",
        "type-fest": "^4.35.0",
        "typedoc": "^0.27.8",
        "typedoc-plugin-markdown": "^4.4.2",
        "typescript": "~5.7.3",
        "unist-util-flatmap": "^1.0.0",
        "unist-util-visit": "^5.0.0",
        "vitepress": "^1.0.2",
        "vitepress-plugin-search": "1.0.4-alpha.22"
      }
    },
    "../node_modules/.pnpm/resend@4.6.0_react-dom@19.1.0_react@19.1.0/node_modules/resend": {
      "version": "4.6.0",
      "license": "MIT",
      "dependencies": {
        "@react-email/render": "1.1.2"
      },
      "devDependencies": {
        "@biomejs/biome": "1.9.4",
        "@types/jest": "29.5.14",
        "@types/node": "18.19.86",
        "@types/react": "19.1.2",
        "jest": "29.7.0",
        "jest-fetch-mock": "3.0.3",
        "ts-jest": "29.3.4",
        "ts-node": "10.9.2",
        "tsup": "7.2.0",
        "typescript": "5.8.3"
      },
      "engines": {
        "node": ">=18"
      }
    },
    "../node_modules/.pnpm/tailwindcss@3.4.17/node_modules/tailwindcss": {
      "version": "3.4.17",
      "dev": true,
      "license": "MIT",
      "dependencies": {
        "@alloc/quick-lru": "^5.2.0",
        "arg": "^5.0.2",
        "chokidar": "^3.6.0",
        "didyoumean": "^1.2.2",
        "dlv": "^1.1.3",
        "fast-glob": "^3.3.2",
        "glob-parent": "^6.0.2",
        "is-glob": "^4.0.3",
        "jiti": "^1.21.6",
        "lilconfig": "^3.1.3",
        "micromatch": "^4.0.8",
        "normalize-path": "^3.0.0",
        "object-hash": "^3.0.0",
        "picocolors": "^1.1.1",
        "postcss": "^8.4.47",
        "postcss-import": "^15.1.0",
        "postcss-js": "^4.0.1",
        "postcss-load-config": "^4.0.2",
        "postcss-nested": "^6.2.0",
        "postcss-selector-parser": "^6.1.2",
        "resolve": "^1.22.8",
        "sucrase": "^3.35.0"
      },
      "bin": {
        "tailwind": "lib/cli.js",
        "tailwindcss": "lib/cli.js"
      },
      "devDependencies": {
        "@swc/cli": "0.1.62",
        "@swc/core": "1.3.55",
        "@swc/jest": "0.2.26",
        "@swc/register": "0.1.10",
        "autoprefixer": "^10.4.20",
        "browserslist": "^4.24.0",
        "concurrently": "^8.2.2",
        "cssnano": "^6.1.2",
        "esbuild": "^0.24.0",
        "eslint": "^8.57.1",
        "eslint-config-prettier": "^8.10.0",
        "eslint-plugin-prettier": "^4.2.1",
        "jest": "^29.7.0",
        "jest-diff": "^29.7.0",
        "lightningcss": "1.27.0",
        "prettier": "^2.8.8",
        "rimraf": "^5.0.10",
        "source-map-js": "^1.2.1",
        "turbo": "^1.13.4"
      },
      "engines": {
        "node": ">=14.0.0"
      }
    },
    "node_modules/@astrojs/cloudflare": {
      "resolved": "../node_modules/.pnpm/@astrojs+cloudflare@12.6.0_astro@5.11.0/node_modules/@astrojs/cloudflare",
      "link": true
    },
    "node_modules/@astrojs/tailwind": {
      "resolved": "../node_modules/.pnpm/@astrojs+tailwind@6.0.2_astro@5.11.0_tailwindcss@3.4.17/node_modules/@astrojs/tailwind",
      "link": true
    },
    "node_modules/astro": {
      "resolved": "../node_modules/.pnpm/astro@5.11.0_typescript@5.8.3/node_modules/astro",
      "link": true
    },
    "node_modules/mermaid": {
      "resolved": "../node_modules/.pnpm/mermaid@11.8.0/node_modules/mermaid",
      "link": true
    },
    "node_modules/resend": {
      "resolved": "../node_modules/.pnpm/resend@4.6.0_react-dom@19.1.0_react@19.1.0/node_modules/resend",
      "link": true
    },
    "node_modules/tailwindcss": {
      "resolved": "../node_modules/.pnpm/tailwindcss@3.4.17/node_modules/tailwindcss",
      "link": true
    }
  }
}
